
Microsoft Visual Studio Solution File, Format Version 12.00
# Visual Studio Version 16
VisualStudioVersion = 16.0.29009.5
MinimumVisualStudioVersion = 10.0.40219.1
Project("{F184B08F-C81C-45F6-A57F-5ABD9991F28F}") = "WindowsApp1", "WindowsApp1.vbproj", "{CCEFFFED-A0AC-44B1-AE2B-EDAB514FF81F}"
EndProject
Global
	GlobalSection(SolutionConfigurationPlatforms) = preSolution
		Debug|Any CPU = Debug|Any CPU
		Release|Any CPU = Release|Any CPU
	EndGlobalSection
	GlobalSection(ProjectConfigurationPlatforms) = postSolution
		{CCEFFFED-A0AC-44B1-AE2B-EDAB514FF81F}.Debug|Any CPU.ActiveCfg = Debug|Any CPU
		{CCEFFFED-A0AC-44B1-AE2B-EDAB514FF81F}.Debug|Any CPU.Build.0 = Debug|Any CPU
		{CCEFFFED-A0AC-44B1-AE2B-EDAB514FF81F}.Release|Any CPU.ActiveCfg = Release|Any CPU
		{CCEFFFED-A0AC-44B1-AE2B-EDAB514FF81F}.Release|Any CPU.Build.0 = Release|Any CPU
	EndGlobalSection
	GlobalSection(SolutionProperties) = preSolution
		HideSolutionNode = FALSE
	EndGlobalSection
	GlobalSection(ExtensibilityGlobals) = postSolution
		SolutionGuid = {10489427-B659-4879-8479-631626ED770E}
	EndGlobalSection
EndGlobal
