
Microsoft Visual Studio Solution File, Format Version 12.00
# Visual Studio Version 16
VisualStudioVersion = 16.0.29009.5
MinimumVisualStudioVersion = 10.0.40219.1
Project("{F184B08F-C81C-45F6-A57F-5ABD9991F28F}") = "ConsoleApp1", "ConsoleApp1.vbproj", "{9DF09E95-800F-4699-8F93-7CC1549B0046}"
EndProject
Global
	GlobalSection(SolutionConfigurationPlatforms) = preSolution
		Debug|Any CPU = Debug|Any CPU
		Release|Any CPU = Release|Any CPU
	EndGlobalSection
	GlobalSection(ProjectConfigurationPlatforms) = postSolution
		{9DF09E95-800F-4699-8F93-7CC1549B0046}.Debug|Any CPU.ActiveCfg = Debug|Any CPU
		{9DF09E95-800F-4699-8F93-7CC1549B0046}.Debug|Any CPU.Build.0 = Debug|Any CPU
		{9DF09E95-800F-4699-8F93-7CC1549B0046}.Release|Any CPU.ActiveCfg = Release|Any CPU
		{9DF09E95-800F-4699-8F93-7CC1549B0046}.Release|Any CPU.Build.0 = Release|Any CPU
	EndGlobalSection
	GlobalSection(SolutionProperties) = preSolution
		HideSolutionNode = FALSE
	EndGlobalSection
	GlobalSection(ExtensibilityGlobals) = postSolution
		SolutionGuid = {B7EF4FC8-8F33-449C-8F41-A320445F8CFA}
	EndGlobalSection
EndGlobal
