
Microsoft Visual Studio Solution File, Format Version 12.00
# Visual Studio Version 16
VisualStudioVersion = 16.0.29009.5
MinimumVisualStudioVersion = 10.0.40219.1
Project("{F184B08F-C81C-45F6-A57F-5ABD9991F28F}") = "WindowsApp2", "WindowsApp2.vbproj", "{51DF3DB2-D2E5-4C9D-875A-8AE3AC7DDB01}"
EndProject
Global
	GlobalSection(SolutionConfigurationPlatforms) = preSolution
		Debug|Any CPU = Debug|Any CPU
		Release|Any CPU = Release|Any CPU
	EndGlobalSection
	GlobalSection(ProjectConfigurationPlatforms) = postSolution
		{51DF3DB2-D2E5-4C9D-875A-8AE3AC7DDB01}.Debug|Any CPU.ActiveCfg = Debug|Any CPU
		{51DF3DB2-D2E5-4C9D-875A-8AE3AC7DDB01}.Debug|Any CPU.Build.0 = Debug|Any CPU
		{51DF3DB2-D2E5-4C9D-875A-8AE3AC7DDB01}.Release|Any CPU.ActiveCfg = Release|Any CPU
		{51DF3DB2-D2E5-4C9D-875A-8AE3AC7DDB01}.Release|Any CPU.Build.0 = Release|Any CPU
	EndGlobalSection
	GlobalSection(SolutionProperties) = preSolution
		HideSolutionNode = FALSE
	EndGlobalSection
	GlobalSection(ExtensibilityGlobals) = postSolution
		SolutionGuid = {DDF29CE1-8024-46DD-8395-A1AEEFBC744F}
	EndGlobalSection
EndGlobal
