
Microsoft Visual Studio Solution File, Format Version 12.00
# Visual Studio Version 16
VisualStudioVersion = 16.0.29009.5
MinimumVisualStudioVersion = 10.0.40219.1
Project("{F184B08F-C81C-45F6-A57F-5ABD9991F28F}") = "WindowsApp1", "WindowsApp1.vbproj", "{C16AB050-C9B0-4087-A62B-950C9ED3F780}"
EndProject
Global
	GlobalSection(SolutionConfigurationPlatforms) = preSolution
		Debug|Any CPU = Debug|Any CPU
		Release|Any CPU = Release|Any CPU
	EndGlobalSection
	GlobalSection(ProjectConfigurationPlatforms) = postSolution
		{C16AB050-C9B0-4087-A62B-950C9ED3F780}.Debug|Any CPU.ActiveCfg = Debug|Any CPU
		{C16AB050-C9B0-4087-A62B-950C9ED3F780}.Debug|Any CPU.Build.0 = Debug|Any CPU
		{C16AB050-C9B0-4087-A62B-950C9ED3F780}.Release|Any CPU.ActiveCfg = Release|Any CPU
		{C16AB050-C9B0-4087-A62B-950C9ED3F780}.Release|Any CPU.Build.0 = Release|Any CPU
	EndGlobalSection
	GlobalSection(SolutionProperties) = preSolution
		HideSolutionNode = FALSE
	EndGlobalSection
	GlobalSection(ExtensibilityGlobals) = postSolution
		SolutionGuid = {40B8A3EF-5D97-4FA3-938E-86084DB38E3F}
	EndGlobalSection
EndGlobal
