
Microsoft Visual Studio Solution File, Format Version 12.00
# Visual Studio Version 16
VisualStudioVersion = 16.0.29009.5
MinimumVisualStudioVersion = 10.0.40219.1
Project("{F184B08F-C81C-45F6-A57F-5ABD9991F28F}") = "WindowsApp1", "WindowsApp1.vbproj", "{884D35C6-2EB1-43DB-BF31-045DC299D208}"
EndProject
Global
	GlobalSection(SolutionConfigurationPlatforms) = preSolution
		Debug|Any CPU = Debug|Any CPU
		Release|Any CPU = Release|Any CPU
	EndGlobalSection
	GlobalSection(ProjectConfigurationPlatforms) = postSolution
		{884D35C6-2EB1-43DB-BF31-045DC299D208}.Debug|Any CPU.ActiveCfg = Debug|Any CPU
		{884D35C6-2EB1-43DB-BF31-045DC299D208}.Debug|Any CPU.Build.0 = Debug|Any CPU
		{884D35C6-2EB1-43DB-BF31-045DC299D208}.Release|Any CPU.ActiveCfg = Release|Any CPU
		{884D35C6-2EB1-43DB-BF31-045DC299D208}.Release|Any CPU.Build.0 = Release|Any CPU
	EndGlobalSection
	GlobalSection(SolutionProperties) = preSolution
		HideSolutionNode = FALSE
	EndGlobalSection
	GlobalSection(ExtensibilityGlobals) = postSolution
		SolutionGuid = {CA5B3A1D-A4A8-4600-9215-B84404D950EB}
	EndGlobalSection
EndGlobal
